// !$*UTF8*$!
{
	archiveVersion = 1;
	classes = {
	};
	objectVersion = 46;
	objects = {

/* Begin PBXBuildFile section */
		CA7F79DA1CB9C8870017AC0F /* SwiftyJSON.swift in Sources */ = {isa = PBXBuildFile; fileRef = CA7F79D91CB9C8870017AC0F /* SwiftyJSON.swift */; };
		CA7F79F91CB9C8AC0017AC0F /* AsyncButton.swift in Sources */ = {isa = PBXBuildFile; fileRef = CA7F79DB1CB9C8AC0017AC0F /* AsyncButton.swift */; };
		CA7F79FA1CB9C8AC0017AC0F /* AsyncImageView.swift in Sources */ = {isa = PBXBuildFile; fileRef = CA7F79DC1CB9C8AC0017AC0F /* AsyncImageView.swift */; };
		CA7F79FB1CB9C8AC0017AC0F /* AutoTextView.swift in Sources */ = {isa = PBXBuildFile; fileRef = CA7F79DD1CB9C8AC0017AC0F /* AutoTextView.swift */; };
		CA7F79FC1CB9C8AC0017AC0F /* BlurView.swift in Sources */ = {isa = PBXBuildFile; fileRef = CA7F79DE1CB9C8AC0017AC0F /* BlurView.swift */; };
		CA7F79FD1CB9C8AC0017AC0F /* DesignableButton.swift in Sources */ = {isa = PBXBuildFile; fileRef = CA7F79DF1CB9C8AC0017AC0F /* DesignableButton.swift */; };
		CA7F79FE1CB9C8AC0017AC0F /* DesignableImageView.swift in Sources */ = {isa = PBXBuildFile; fileRef = CA7F79E01CB9C8AC0017AC0F /* DesignableImageView.swift */; };
		CA7F79FF1CB9C8AC0017AC0F /* DesignableLabel.swift in Sources */ = {isa = PBXBuildFile; fileRef = CA7F79E11CB9C8AC0017AC0F /* DesignableLabel.swift */; };
		CA7F7A001CB9C8AC0017AC0F /* DesignableTabBarController.swift in Sources */ = {isa = PBXBuildFile; fileRef = CA7F79E21CB9C8AC0017AC0F /* DesignableTabBarController.swift */; };
		CA7F7A011CB9C8AC0017AC0F /* DesignableTextField.swift in Sources */ = {isa = PBXBuildFile; fileRef = CA7F79E31CB9C8AC0017AC0F /* DesignableTextField.swift */; };
		CA7F7A021CB9C8AC0017AC0F /* DesignableTextView.swift in Sources */ = {isa = PBXBuildFile; fileRef = CA7F79E41CB9C8AC0017AC0F /* DesignableTextView.swift */; };
		CA7F7A031CB9C8AC0017AC0F /* DesignableView.swift in Sources */ = {isa = PBXBuildFile; fileRef = CA7F79E51CB9C8AC0017AC0F /* DesignableView.swift */; };
		CA7F7A041CB9C8AC0017AC0F /* ImageLoader.swift in Sources */ = {isa = PBXBuildFile; fileRef = CA7F79E61CB9C8AC0017AC0F /* ImageLoader.swift */; };
		CA7F7A051CB9C8AC0017AC0F /* Info.plist in Resources */ = {isa = PBXBuildFile; fileRef = CA7F79E71CB9C8AC0017AC0F /* Info.plist */; };
		CA7F7A061CB9C8AC0017AC0F /* KeyboardLayoutConstraint.swift in Sources */ = {isa = PBXBuildFile; fileRef = CA7F79E81CB9C8AC0017AC0F /* KeyboardLayoutConstraint.swift */; };
		CA7F7A071CB9C8AC0017AC0F /* LoadingView.swift in Sources */ = {isa = PBXBuildFile; fileRef = CA7F79E91CB9C8AC0017AC0F /* LoadingView.swift */; };
		CA7F7A081CB9C8AC0017AC0F /* LoadingView.xib in Resources */ = {isa = PBXBuildFile; fileRef = CA7F79EA1CB9C8AC0017AC0F /* LoadingView.xib */; };
		CA7F7A091CB9C8AC0017AC0F /* Misc.swift in Sources */ = {isa = PBXBuildFile; fileRef = CA7F79EB1CB9C8AC0017AC0F /* Misc.swift */; };
		CA7F7A0A1CB9C8AC0017AC0F /* SoundPlayer.swift in Sources */ = {isa = PBXBuildFile; fileRef = CA7F79EC1CB9C8AC0017AC0F /* SoundPlayer.swift */; };
		CA7F7A0B1CB9C8AC0017AC0F /* Spring.swift in Sources */ = {isa = PBXBuildFile; fileRef = CA7F79EE1CB9C8AC0017AC0F /* Spring.swift */; };
		CA7F7A0C1CB9C8AC0017AC0F /* SpringAnimation.swift in Sources */ = {isa = PBXBuildFile; fileRef = CA7F79EF1CB9C8AC0017AC0F /* SpringAnimation.swift */; };
		CA7F7A0D1CB9C8AC0017AC0F /* SpringButton.swift in Sources */ = {isa = PBXBuildFile; fileRef = CA7F79F01CB9C8AC0017AC0F /* SpringButton.swift */; };
		CA7F7A0E1CB9C8AC0017AC0F /* SpringImageView.swift in Sources */ = {isa = PBXBuildFile; fileRef = CA7F79F11CB9C8AC0017AC0F /* SpringImageView.swift */; };
		CA7F7A0F1CB9C8AC0017AC0F /* SpringLabel.swift in Sources */ = {isa = PBXBuildFile; fileRef = CA7F79F21CB9C8AC0017AC0F /* SpringLabel.swift */; };
		CA7F7A101CB9C8AC0017AC0F /* SpringTextField.swift in Sources */ = {isa = PBXBuildFile; fileRef = CA7F79F31CB9C8AC0017AC0F /* SpringTextField.swift */; };
		CA7F7A111CB9C8AC0017AC0F /* SpringTextView.swift in Sources */ = {isa = PBXBuildFile; fileRef = CA7F79F41CB9C8AC0017AC0F /* SpringTextView.swift */; };
		CA7F7A121CB9C8AC0017AC0F /* SpringView.swift in Sources */ = {isa = PBXBuildFile; fileRef = CA7F79F51CB9C8AC0017AC0F /* SpringView.swift */; };
		CA7F7A131CB9C8AC0017AC0F /* TransitionManager.swift in Sources */ = {isa = PBXBuildFile; fileRef = CA7F79F61CB9C8AC0017AC0F /* TransitionManager.swift */; };
		CA7F7A141CB9C8AC0017AC0F /* TransitionZoom.swift in Sources */ = {isa = PBXBuildFile; fileRef = CA7F79F71CB9C8AC0017AC0F /* TransitionZoom.swift */; };
		CA7F7A151CB9C8AC0017AC0F /* UnwindSegue.swift in Sources */ = {isa = PBXBuildFile; fileRef = CA7F79F81CB9C8AC0017AC0F /* UnwindSegue.swift */; };
		CA8F594D1CB9AC3B005D3A75 /* AppDelegate.swift in Sources */ = {isa = PBXBuildFile; fileRef = CA8F594C1CB9AC3B005D3A75 /* AppDelegate.swift */; };
		CA8F59541CB9AC3B005D3A75 /* Assets.xcassets in Resources */ = {isa = PBXBuildFile; fileRef = CA8F59531CB9AC3B005D3A75 /* Assets.xcassets */; };
		CA8F59571CB9AC3B005D3A75 /* LaunchScreen.storyboard in Resources */ = {isa = PBXBuildFile; fileRef = CA8F59551CB9AC3B005D3A75 /* LaunchScreen.storyboard */; };
		CA8F59621CB9AC3B005D3A75 /* Disco_BathroomTests.swift in Sources */ = {isa = PBXBuildFile; fileRef = CA8F59611CB9AC3B005D3A75 /* Disco_BathroomTests.swift */; };
		CA8F596D1CB9AC3B005D3A75 /* Disco_BathroomUITests.swift in Sources */ = {isa = PBXBuildFile; fileRef = CA8F596C1CB9AC3B005D3A75 /* Disco_BathroomUITests.swift */; };
		CA8F59861CB9AE2E005D3A75 /* DiscoBathroom-Settings.swift in Sources */ = {isa = PBXBuildFile; fileRef = CA8F59851CB9AE2E005D3A75 /* DiscoBathroom-Settings.swift */; };
		CA8F59CC1CB9AF0E005D3A75 /* AnimationFrames.swift in Sources */ = {isa = PBXBuildFile; fileRef = CA8F59C91CB9AF0E005D3A75 /* AnimationFrames.swift */; };
		CA8F59CD1CB9AF0E005D3A75 /* UIImageView+Download.swift in Sources */ = {isa = PBXBuildFile; fileRef = CA8F59CA1CB9AF0E005D3A75 /* UIImageView+Download.swift */; };
		CA8F59CE1CB9AF0E005D3A75 /* UIImage+DropShadow.swift in Sources */ = {isa = PBXBuildFile; fileRef = CA8F59CB1CB9AF0E005D3A75 /* UIImage+DropShadow.swift */; };
		CA8F59D01CB9AF98005D3A75 /* Main.storyboard in Resources */ = {isa = PBXBuildFile; fileRef = CA8F59CF1CB9AF98005D3A75 /* Main.storyboard */; };
		CA8F59D21CB9AFD4005D3A75 /* CancelableTimer.swift in Sources */ = {isa = PBXBuildFile; fileRef = CA8F59D11CB9AFD4005D3A75 /* CancelableTimer.swift */; };
		CA8F59D41CB9AFF5005D3A75 /* RadioStation.swift in Sources */ = {isa = PBXBuildFile; fileRef = CA8F59D31CB9AFF5005D3A75 /* RadioStation.swift */; };
		CA8F59D61CB9B086005D3A75 /* Player.swift in Sources */ = {isa = PBXBuildFile; fileRef = CA8F59D51CB9B086005D3A75 /* Player.swift */; };
		CA8F59D81CB9B0BA005D3A75 /* Track.swift in Sources */ = {isa = PBXBuildFile; fileRef = CA8F59D71CB9B0BA005D3A75 /* Track.swift */; };
		CA8F59DA1CB9B0FD005D3A75 /* stations.json in Resources */ = {isa = PBXBuildFile; fileRef = CA8F59D91CB9B0FD005D3A75 /* stations.json */; };
		CA8F59DC1CB9B124005D3A75 /* Data Manager.swift in Sources */ = {isa = PBXBuildFile; fileRef = CA8F59DB1CB9B124005D3A75 /* Data Manager.swift */; };
		CA8F59DE1CB9B17C005D3A75 /* NothingFoundCell.xib in Resources */ = {isa = PBXBuildFile; fileRef = CA8F59DD1CB9B17C005D3A75 /* NothingFoundCell.xib */; };
		CA8F59E01CB9B190005D3A75 /* StationTableViewCell.swift in Sources */ = {isa = PBXBuildFile; fileRef = CA8F59DF1CB9B190005D3A75 /* StationTableViewCell.swift */; };
		CA8F59E91CB9B1C2005D3A75 /* AboutViewController.swift in Sources */ = {isa = PBXBuildFile; fileRef = CA8F59E11CB9B1C2005D3A75 /* AboutViewController.swift */; };
		CA8F59EA1CB9B1C2005D3A75 /* InfoDetailViewController.swift in Sources */ = {isa = PBXBuildFile; fileRef = CA8F59E21CB9B1C2005D3A75 /* InfoDetailViewController.swift */; };
		CA8F59EB1CB9B1C2005D3A75 /* NowPlayingViewController.swift in Sources */ = {isa = PBXBuildFile; fileRef = CA8F59E31CB9B1C2005D3A75 /* NowPlayingViewController.swift */; };
		CA8F59EC1CB9B1C2005D3A75 /* NowPlayingViewController+Flash.swift in Sources */ = {isa = PBXBuildFile; fileRef = CA8F59E41CB9B1C2005D3A75 /* NowPlayingViewController+Flash.swift */; };
		CA8F59ED1CB9B1C2005D3A75 /* OptionsViewController.swift in Sources */ = {isa = PBXBuildFile; fileRef = CA8F59E51CB9B1C2005D3A75 /* OptionsViewController.swift */; };
		CA8F59EE1CB9B1C2005D3A75 /* LightsViewController.swift in Sources */ = {isa = PBXBuildFile; fileRef = CA8F59E61CB9B1C2005D3A75 /* LightsViewController.swift */; };
		CA8F59EF1CB9B1C2005D3A75 /* PopUpMenuViewController.swift in Sources */ = {isa = PBXBuildFile; fileRef = CA8F59E71CB9B1C2005D3A75 /* PopUpMenuViewController.swift */; };
		CA8F59F01CB9B1C2005D3A75 /* StationsViewController.swift in Sources */ = {isa = PBXBuildFile; fileRef = CA8F59E81CB9B1C2005D3A75 /* StationsViewController.swift */; };
		CA8F59F21CB9B446005D3A75 /* MediaPlayer.framework in Frameworks */ = {isa = PBXBuildFile; fileRef = CA8F59F11CB9B446005D3A75 /* MediaPlayer.framework */; };
/* End PBXBuildFile section */

/* Begin PBXContainerItemProxy section */
		CA8F595E1CB9AC3B005D3A75 /* PBXContainerItemProxy */ = {
			isa = PBXContainerItemProxy;
			containerPortal = CA8F59411CB9AC3B005D3A75 /* Project object */;
			proxyType = 1;
			remoteGlobalIDString = CA8F59481CB9AC3B005D3A75;
			remoteInfo = "Disco Bathroom";
		};
		CA8F59691CB9AC3B005D3A75 /* PBXContainerItemProxy */ = {
			isa = PBXContainerItemProxy;
			containerPortal = CA8F59411CB9AC3B005D3A75 /* Project object */;
			proxyType = 1;
			remoteGlobalIDString = CA8F59481CB9AC3B005D3A75;
			remoteInfo = "Disco Bathroom";
		};
/* End PBXContainerItemProxy section */

/* Begin PBXFileReference section */
		CA7F79D91CB9C8870017AC0F /* SwiftyJSON.swift */ = {isa = PBXFileReference; fileEncoding = 4; lastKnownFileType = sourcecode.swift; name = SwiftyJSON.swift; path = Libraries/SwiftyJSON.swift; sourceTree = "<group>"; };
		CA7F79DB1CB9C8AC0017AC0F /* AsyncButton.swift */ = {isa = PBXFileReference; fileEncoding = 4; lastKnownFileType = sourcecode.swift; name = AsyncButton.swift; path = "Disco Bathroom/Libraries/AsyncButton.swift"; sourceTree = "<group>"; };
		CA7F79DC1CB9C8AC0017AC0F /* AsyncImageView.swift */ = {isa = PBXFileReference; fileEncoding = 4; lastKnownFileType = sourcecode.swift; name = AsyncImageView.swift; path = "Disco Bathroom/Libraries/AsyncImageView.swift"; sourceTree = "<group>"; };
		CA7F79DD1CB9C8AC0017AC0F /* AutoTextView.swift */ = {isa = PBXFileReference; fileEncoding = 4; lastKnownFileType = sourcecode.swift; name = AutoTextView.swift; path = "Disco Bathroom/Libraries/AutoTextView.swift"; sourceTree = "<group>"; };
		CA7F79DE1CB9C8AC0017AC0F /* BlurView.swift */ = {isa = PBXFileReference; fileEncoding = 4; lastKnownFileType = sourcecode.swift; name = BlurView.swift; path = "Disco Bathroom/Libraries/BlurView.swift"; sourceTree = "<group>"; };
		CA7F79DF1CB9C8AC0017AC0F /* DesignableButton.swift */ = {isa = PBXFileReference; fileEncoding = 4; lastKnownFileType = sourcecode.swift; name = DesignableButton.swift; path = "Disco Bathroom/Libraries/DesignableButton.swift"; sourceTree = "<group>"; };
		CA7F79E01CB9C8AC0017AC0F /* DesignableImageView.swift */ = {isa = PBXFileReference; fileEncoding = 4; lastKnownFileType = sourcecode.swift; name = DesignableImageView.swift; path = "Disco Bathroom/Libraries/DesignableImageView.swift"; sourceTree = "<group>"; };
		CA7F79E11CB9C8AC0017AC0F /* DesignableLabel.swift */ = {isa = PBXFileReference; fileEncoding = 4; lastKnownFileType = sourcecode.swift; name = DesignableLabel.swift; path = "Disco Bathroom/Libraries/DesignableLabel.swift"; sourceTree = "<group>"; };
		CA7F79E21CB9C8AC0017AC0F /* DesignableTabBarController.swift */ = {isa = PBXFileReference; fileEncoding = 4; lastKnownFileType = sourcecode.swift; name = DesignableTabBarController.swift; path = "Disco Bathroom/Libraries/DesignableTabBarController.swift"; sourceTree = "<group>"; };
		CA7F79E31CB9C8AC0017AC0F /* DesignableTextField.swift */ = {isa = PBXFileReference; fileEncoding = 4; lastKnownFileType = sourcecode.swift; name = DesignableTextField.swift; path = "Disco Bathroom/Libraries/DesignableTextField.swift"; sourceTree = "<group>"; };
		CA7F79E41CB9C8AC0017AC0F /* DesignableTextView.swift */ = {isa = PBXFileReference; fileEncoding = 4; lastKnownFileType = sourcecode.swift; name = DesignableTextView.swift; path = "Disco Bathroom/Libraries/DesignableTextView.swift"; sourceTree = "<group>"; };
		CA7F79E51CB9C8AC0017AC0F /* DesignableView.swift */ = {isa = PBXFileReference; fileEncoding = 4; lastKnownFileType = sourcecode.swift; name = DesignableView.swift; path = "Disco Bathroom/Libraries/DesignableView.swift"; sourceTree = "<group>"; };
		CA7F79E61CB9C8AC0017AC0F /* ImageLoader.swift */ = {isa = PBXFileReference; fileEncoding = 4; lastKnownFileType = sourcecode.swift; name = ImageLoader.swift; path = "Disco Bathroom/Libraries/ImageLoader.swift"; sourceTree = "<group>"; };
		CA7F79E71CB9C8AC0017AC0F /* Info.plist */ = {isa = PBXFileReference; fileEncoding = 4; lastKnownFileType = text.plist.xml; name = Info.plist; path = "Disco Bathroom/Libraries/Info.plist"; sourceTree = "<group>"; };
		CA7F79E81CB9C8AC0017AC0F /* KeyboardLayoutConstraint.swift */ = {isa = PBXFileReference; fileEncoding = 4; lastKnownFileType = sourcecode.swift; name = KeyboardLayoutConstraint.swift; path = "Disco Bathroom/Libraries/KeyboardLayoutConstraint.swift"; sourceTree = "<group>"; };
		CA7F79E91CB9C8AC0017AC0F /* LoadingView.swift */ = {isa = PBXFileReference; fileEncoding = 4; lastKnownFileType = sourcecode.swift; name = LoadingView.swift; path = "Disco Bathroom/Libraries/LoadingView.swift"; sourceTree = "<group>"; };
		CA7F79EA1CB9C8AC0017AC0F /* LoadingView.xib */ = {isa = PBXFileReference; fileEncoding = 4; lastKnownFileType = file.xib; name = LoadingView.xib; path = "Disco Bathroom/Libraries/LoadingView.xib"; sourceTree = "<group>"; };
		CA7F79EB1CB9C8AC0017AC0F /* Misc.swift */ = {isa = PBXFileReference; fileEncoding = 4; lastKnownFileType = sourcecode.swift; name = Misc.swift; path = "Disco Bathroom/Libraries/Misc.swift"; sourceTree = "<group>"; };
		CA7F79EC1CB9C8AC0017AC0F /* SoundPlayer.swift */ = {isa = PBXFileReference; fileEncoding = 4; lastKnownFileType = sourcecode.swift; name = SoundPlayer.swift; path = "Disco Bathroom/Libraries/SoundPlayer.swift"; sourceTree = "<group>"; };
		CA7F79ED1CB9C8AC0017AC0F /* Spring.h */ = {isa = PBXFileReference; fileEncoding = 4; lastKnownFileType = sourcecode.c.h; name = Spring.h; path = "Disco Bathroom/Libraries/Spring.h"; sourceTree = "<group>"; };
		CA7F79EE1CB9C8AC0017AC0F /* Spring.swift */ = {isa = PBXFileReference; fileEncoding = 4; lastKnownFileType = sourcecode.swift; name = Spring.swift; path = "Disco Bathroom/Libraries/Spring.swift"; sourceTree = "<group>"; };
		CA7F79EF1CB9C8AC0017AC0F /* SpringAnimation.swift */ = {isa = PBXFileReference; fileEncoding = 4; lastKnownFileType = sourcecode.swift; name = SpringAnimation.swift; path = "Disco Bathroom/Libraries/SpringAnimation.swift"; sourceTree = "<group>"; };
		CA7F79F01CB9C8AC0017AC0F /* SpringButton.swift */ = {isa = PBXFileReference; fileEncoding = 4; lastKnownFileType = sourcecode.swift; name = SpringButton.swift; path = "Disco Bathroom/Libraries/SpringButton.swift"; sourceTree = "<group>"; };
		CA7F79F11CB9C8AC0017AC0F /* SpringImageView.swift */ = {isa = PBXFileReference; fileEncoding = 4; lastKnownFileType = sourcecode.swift; name = SpringImageView.swift; path = "Disco Bathroom/Libraries/SpringImageView.swift"; sourceTree = "<group>"; };
		CA7F79F21CB9C8AC0017AC0F /* SpringLabel.swift */ = {isa = PBXFileReference; fileEncoding = 4; lastKnownFileType = sourcecode.swift; name = SpringLabel.swift; path = "Disco Bathroom/Libraries/SpringLabel.swift"; sourceTree = "<group>"; };
		CA7F79F31CB9C8AC0017AC0F /* SpringTextField.swift */ = {isa = PBXFileReference; fileEncoding = 4; lastKnownFileType = sourcecode.swift; name = SpringTextField.swift; path = "Disco Bathroom/Libraries/SpringTextField.swift"; sourceTree = "<group>"; };
		CA7F79F41CB9C8AC0017AC0F /* SpringTextView.swift */ = {isa = PBXFileReference; fileEncoding = 4; lastKnownFileType = sourcecode.swift; name = SpringTextView.swift; path = "Disco Bathroom/Libraries/SpringTextView.swift"; sourceTree = "<group>"; };
		CA7F79F51CB9C8AC0017AC0F /* SpringView.swift */ = {isa = PBXFileReference; fileEncoding = 4; lastKnownFileType = sourcecode.swift; name = SpringView.swift; path = "Disco Bathroom/Libraries/SpringView.swift"; sourceTree = "<group>"; };
		CA7F79F61CB9C8AC0017AC0F /* TransitionManager.swift */ = {isa = PBXFileReference; fileEncoding = 4; lastKnownFileType = sourcecode.swift; name = TransitionManager.swift; path = "Disco Bathroom/Libraries/TransitionManager.swift"; sourceTree = "<group>"; };
		CA7F79F71CB9C8AC0017AC0F /* TransitionZoom.swift */ = {isa = PBXFileReference; fileEncoding = 4; lastKnownFileType = sourcecode.swift; name = TransitionZoom.swift; path = "Disco Bathroom/Libraries/TransitionZoom.swift"; sourceTree = "<group>"; };
		CA7F79F81CB9C8AC0017AC0F /* UnwindSegue.swift */ = {isa = PBXFileReference; fileEncoding = 4; lastKnownFileType = sourcecode.swift; name = UnwindSegue.swift; path = "Disco Bathroom/Libraries/UnwindSegue.swift"; sourceTree = "<group>"; };
		CA8F59491CB9AC3B005D3A75 /* Disco Bathroom.app */ = {isa = PBXFileReference; explicitFileType = wrapper.application; includeInIndex = 0; path = "Disco Bathroom.app"; sourceTree = BUILT_PRODUCTS_DIR; };
		CA8F594C1CB9AC3B005D3A75 /* AppDelegate.swift */ = {isa = PBXFileReference; lastKnownFileType = sourcecode.swift; path = AppDelegate.swift; sourceTree = "<group>"; };
		CA8F59531CB9AC3B005D3A75 /* Assets.xcassets */ = {isa = PBXFileReference; lastKnownFileType = folder.assetcatalog; path = Assets.xcassets; sourceTree = "<group>"; };
		CA8F59561CB9AC3B005D3A75 /* Base */ = {isa = PBXFileReference; lastKnownFileType = file.storyboard; name = Base; path = Base.lproj/LaunchScreen.storyboard; sourceTree = "<group>"; };
		CA8F59581CB9AC3B005D3A75 /* Info.plist */ = {isa = PBXFileReference; lastKnownFileType = text.plist.xml; path = Info.plist; sourceTree = "<group>"; };
		CA8F595D1CB9AC3B005D3A75 /* Disco BathroomTests.xctest */ = {isa = PBXFileReference; explicitFileType = wrapper.cfbundle; includeInIndex = 0; path = "Disco BathroomTests.xctest"; sourceTree = BUILT_PRODUCTS_DIR; };
		CA8F59611CB9AC3B005D3A75 /* Disco_BathroomTests.swift */ = {isa = PBXFileReference; lastKnownFileType = sourcecode.swift; path = Disco_BathroomTests.swift; sourceTree = "<group>"; };
		CA8F59631CB9AC3B005D3A75 /* Info.plist */ = {isa = PBXFileReference; lastKnownFileType = text.plist.xml; path = Info.plist; sourceTree = "<group>"; };
		CA8F59681CB9AC3B005D3A75 /* Disco BathroomUITests.xctest */ = {isa = PBXFileReference; explicitFileType = wrapper.cfbundle; includeInIndex = 0; path = "Disco BathroomUITests.xctest"; sourceTree = BUILT_PRODUCTS_DIR; };
		CA8F596C1CB9AC3B005D3A75 /* Disco_BathroomUITests.swift */ = {isa = PBXFileReference; lastKnownFileType = sourcecode.swift; path = Disco_BathroomUITests.swift; sourceTree = "<group>"; };
		CA8F596E1CB9AC3B005D3A75 /* Info.plist */ = {isa = PBXFileReference; lastKnownFileType = text.plist.xml; path = Info.plist; sourceTree = "<group>"; };
		CA8F59851CB9AE2E005D3A75 /* DiscoBathroom-Settings.swift */ = {isa = PBXFileReference; fileEncoding = 4; lastKnownFileType = sourcecode.swift; path = "DiscoBathroom-Settings.swift"; sourceTree = "<group>"; };
		CA8F59C91CB9AF0E005D3A75 /* AnimationFrames.swift */ = {isa = PBXFileReference; fileEncoding = 4; lastKnownFileType = sourcecode.swift; path = AnimationFrames.swift; sourceTree = "<group>"; };
		CA8F59CA1CB9AF0E005D3A75 /* UIImageView+Download.swift */ = {isa = PBXFileReference; fileEncoding = 4; lastKnownFileType = sourcecode.swift; path = "UIImageView+Download.swift"; sourceTree = "<group>"; };
		CA8F59CB1CB9AF0E005D3A75 /* UIImage+DropShadow.swift */ = {isa = PBXFileReference; fileEncoding = 4; lastKnownFileType = sourcecode.swift; path = "UIImage+DropShadow.swift"; sourceTree = "<group>"; };
		CA8F59CF1CB9AF98005D3A75 /* Main.storyboard */ = {isa = PBXFileReference; fileEncoding = 4; lastKnownFileType = file.storyboard; path = Main.storyboard; sourceTree = "<group>"; };
		CA8F59D11CB9AFD4005D3A75 /* CancelableTimer.swift */ = {isa = PBXFileReference; fileEncoding = 4; lastKnownFileType = sourcecode.swift; path = CancelableTimer.swift; sourceTree = "<group>"; };
		CA8F59D31CB9AFF5005D3A75 /* RadioStation.swift */ = {isa = PBXFileReference; fileEncoding = 4; lastKnownFileType = sourcecode.swift; path = RadioStation.swift; sourceTree = "<group>"; };
		CA8F59D51CB9B086005D3A75 /* Player.swift */ = {isa = PBXFileReference; fileEncoding = 4; lastKnownFileType = sourcecode.swift; path = Player.swift; sourceTree = "<group>"; };
		CA8F59D71CB9B0BA005D3A75 /* Track.swift */ = {isa = PBXFileReference; fileEncoding = 4; lastKnownFileType = sourcecode.swift; path = Track.swift; sourceTree = "<group>"; };
		CA8F59D91CB9B0FD005D3A75 /* stations.json */ = {isa = PBXFileReference; fileEncoding = 4; lastKnownFileType = text.json; path = stations.json; sourceTree = "<group>"; };
		CA8F59DB1CB9B124005D3A75 /* Data Manager.swift */ = {isa = PBXFileReference; fileEncoding = 4; lastKnownFileType = sourcecode.swift; path = "Data Manager.swift"; sourceTree = "<group>"; };
		CA8F59DD1CB9B17C005D3A75 /* NothingFoundCell.xib */ = {isa = PBXFileReference; fileEncoding = 4; lastKnownFileType = file.xib; path = NothingFoundCell.xib; sourceTree = "<group>"; };
		CA8F59DF1CB9B190005D3A75 /* StationTableViewCell.swift */ = {isa = PBXFileReference; fileEncoding = 4; lastKnownFileType = sourcecode.swift; path = StationTableViewCell.swift; sourceTree = "<group>"; };
		CA8F59E11CB9B1C2005D3A75 /* AboutViewController.swift */ = {isa = PBXFileReference; fileEncoding = 4; lastKnownFileType = sourcecode.swift; path = AboutViewController.swift; sourceTree = "<group>"; };
		CA8F59E21CB9B1C2005D3A75 /* InfoDetailViewController.swift */ = {isa = PBXFileReference; fileEncoding = 4; lastKnownFileType = sourcecode.swift; path = InfoDetailViewController.swift; sourceTree = "<group>"; };
		CA8F59E31CB9B1C2005D3A75 /* NowPlayingViewController.swift */ = {isa = PBXFileReference; fileEncoding = 4; lastKnownFileType = sourcecode.swift; path = NowPlayingViewController.swift; sourceTree = "<group>"; };
		CA8F59E41CB9B1C2005D3A75 /* NowPlayingViewController+Flash.swift */ = {isa = PBXFileReference; fileEncoding = 4; lastKnownFileType = sourcecode.swift; path = "NowPlayingViewController+Flash.swift"; sourceTree = "<group>"; };
		CA8F59E51CB9B1C2005D3A75 /* OptionsViewController.swift */ = {isa = PBXFileReference; fileEncoding = 4; lastKnownFileType = sourcecode.swift; path = OptionsViewController.swift; sourceTree = "<group>"; };
		CA8F59E61CB9B1C2005D3A75 /* LightsViewController.swift */ = {isa = PBXFileReference; fileEncoding = 4; lastKnownFileType = sourcecode.swift; path = LightsViewController.swift; sourceTree = "<group>"; };
		CA8F59E71CB9B1C2005D3A75 /* PopUpMenuViewController.swift */ = {isa = PBXFileReference; fileEncoding = 4; lastKnownFileType = sourcecode.swift; path = PopUpMenuViewController.swift; sourceTree = "<group>"; };
		CA8F59E81CB9B1C2005D3A75 /* StationsViewController.swift */ = {isa = PBXFileReference; fileEncoding = 4; lastKnownFileType = sourcecode.swift; path = StationsViewController.swift; sourceTree = "<group>"; };
		CA8F59F11CB9B446005D3A75 /* MediaPlayer.framework */ = {isa = PBXFileReference; lastKnownFileType = wrapper.framework; name = MediaPlayer.framework; path = System/Library/Frameworks/MediaPlayer.framework; sourceTree = SDKROOT; };
/* End PBXFileReference section */

/* Begin PBXFrameworksBuildPhase section */
		CA8F59461CB9AC3B005D3A75 /* Frameworks */ = {
			isa = PBXFrameworksBuildPhase;
			buildActionMask = 2147483647;
			files = (
				CA8F59F21CB9B446005D3A75 /* MediaPlayer.framework in Frameworks */,
			);
			runOnlyForDeploymentPostprocessing = 0;
		};
		CA8F595A1CB9AC3B005D3A75 /* Frameworks */ = {
			isa = PBXFrameworksBuildPhase;
			buildActionMask = 2147483647;
			files = (
			);
			runOnlyForDeploymentPostprocessing = 0;
		};
		CA8F59651CB9AC3B005D3A75 /* Frameworks */ = {
			isa = PBXFrameworksBuildPhase;
			buildActionMask = 2147483647;
			files = (
			);
			runOnlyForDeploymentPostprocessing = 0;
		};
/* End PBXFrameworksBuildPhase section */

/* Begin PBXGroup section */
		CA5D7E991CB9C4CA00F9E0E9 /* Models */ = {
			isa = PBXGroup;
			children = (
				CA8F59D11CB9AFD4005D3A75 /* CancelableTimer.swift */,
				CA8F59D31CB9AFF5005D3A75 /* RadioStation.swift */,
				CA8F59D51CB9B086005D3A75 /* Player.swift */,
				CA8F59D71CB9B0BA005D3A75 /* Track.swift */,
			);
			name = Models;
			sourceTree = "<group>";
		};
		CA8F59401CB9AC3B005D3A75 = {
			isa = PBXGroup;
			children = (
				CA8F59871CB9AE88005D3A75 /* Libraries */,
				CA8F594B1CB9AC3B005D3A75 /* Disco Bathroom */,
				CA8F59601CB9AC3B005D3A75 /* Disco BathroomTests */,
				CA8F596B1CB9AC3B005D3A75 /* Disco BathroomUITests */,
				CA8F594A1CB9AC3B005D3A75 /* Products */,
			);
			sourceTree = "<group>";
		};
		CA8F594A1CB9AC3B005D3A75 /* Products */ = {
			isa = PBXGroup;
			children = (
				CA8F59491CB9AC3B005D3A75 /* Disco Bathroom.app */,
				CA8F595D1CB9AC3B005D3A75 /* Disco BathroomTests.xctest */,
				CA8F59681CB9AC3B005D3A75 /* Disco BathroomUITests.xctest */,
			);
			name = Products;
			sourceTree = "<group>";
		};
		CA8F594B1CB9AC3B005D3A75 /* Disco Bathroom */ = {
			isa = PBXGroup;
			children = (
				CA5D7E991CB9C4CA00F9E0E9 /* Models */,
				CA8F59C81CB9AED4005D3A75 /* Data */,
				CA8F59821CB9ADB0005D3A75 /* Cells */,
				CA8F59811CB9AD53005D3A75 /* Networking */,
				CA8F59801CB9AD46005D3A75 /* ViewControllers */,
				CA8F597E1CB9AC84005D3A75 /* Layouts */,
				CA8F597D1CB9AC81005D3A75 /* UI Helpers */,
				CA8F597C1CB9AC7F005D3A75 /* Libraries */,
				CA8F597B1CB9AC7C005D3A75 /* Other */,
				CA8F597A1CB9AC6A005D3A75 /* Supporting Files */,
				CA8F59531CB9AC3B005D3A75 /* Assets.xcassets */,
			);
			path = "Disco Bathroom";
			sourceTree = "<group>";
		};
		CA8F59601CB9AC3B005D3A75 /* Disco BathroomTests */ = {
			isa = PBXGroup;
			children = (
				CA8F59611CB9AC3B005D3A75 /* Disco_BathroomTests.swift */,
				CA8F59631CB9AC3B005D3A75 /* Info.plist */,
			);
			path = "Disco BathroomTests";
			sourceTree = "<group>";
		};
		CA8F596B1CB9AC3B005D3A75 /* Disco BathroomUITests */ = {
			isa = PBXGroup;
			children = (
				CA8F596C1CB9AC3B005D3A75 /* Disco_BathroomUITests.swift */,
				CA8F596E1CB9AC3B005D3A75 /* Info.plist */,
			);
			path = "Disco BathroomUITests";
			sourceTree = "<group>";
		};
		CA8F597A1CB9AC6A005D3A75 /* Supporting Files */ = {
			isa = PBXGroup;
			children = (
				CA8F59581CB9AC3B005D3A75 /* Info.plist */,
				CA8F59851CB9AE2E005D3A75 /* DiscoBathroom-Settings.swift */,
			);
			name = "Supporting Files";
			sourceTree = "<group>";
		};
		CA8F597B1CB9AC7C005D3A75 /* Other */ = {
			isa = PBXGroup;
			children = (
				CA8F594C1CB9AC3B005D3A75 /* AppDelegate.swift */,
			);
			name = Other;
			sourceTree = "<group>";
		};
		CA8F597C1CB9AC7F005D3A75 /* Libraries */ = {
			isa = PBXGroup;
			children = (
				CA7F79D91CB9C8870017AC0F /* SwiftyJSON.swift */,
				CA8F598A1CB9AEAA005D3A75 /* Spring */,
			);
			name = Libraries;
			sourceTree = "<group>";
		};
		CA8F597D1CB9AC81005D3A75 /* UI Helpers */ = {
			isa = PBXGroup;
			children = (
				CA8F59C91CB9AF0E005D3A75 /* AnimationFrames.swift */,
				CA8F59CA1CB9AF0E005D3A75 /* UIImageView+Download.swift */,
				CA8F59CB1CB9AF0E005D3A75 /* UIImage+DropShadow.swift */,
			);
			name = "UI Helpers";
			sourceTree = "<group>";
		};
		CA8F597E1CB9AC84005D3A75 /* Layouts */ = {
			isa = PBXGroup;
			children = (
				CA8F59CF1CB9AF98005D3A75 /* Main.storyboard */,
				CA8F59551CB9AC3B005D3A75 /* LaunchScreen.storyboard */,
			);
			name = Layouts;
			sourceTree = "<group>";
		};
		CA8F59801CB9AD46005D3A75 /* ViewControllers */ = {
			isa = PBXGroup;
			children = (
				CA8F59E11CB9B1C2005D3A75 /* AboutViewController.swift */,
				CA8F59E21CB9B1C2005D3A75 /* InfoDetailViewController.swift */,
				CA8F59E31CB9B1C2005D3A75 /* NowPlayingViewController.swift */,
				CA8F59E41CB9B1C2005D3A75 /* NowPlayingViewController+Flash.swift */,
				CA8F59E51CB9B1C2005D3A75 /* OptionsViewController.swift */,
				CA8F59E61CB9B1C2005D3A75 /* LightsViewController.swift */,
				CA8F59E71CB9B1C2005D3A75 /* PopUpMenuViewController.swift */,
				CA8F59E81CB9B1C2005D3A75 /* StationsViewController.swift */,
			);
			name = ViewControllers;
			sourceTree = "<group>";
		};
		CA8F59811CB9AD53005D3A75 /* Networking */ = {
			isa = PBXGroup;
			children = (
				CA8F59DB1CB9B124005D3A75 /* Data Manager.swift */,
			);
			name = Networking;
			sourceTree = "<group>";
		};
		CA8F59821CB9ADB0005D3A75 /* Cells */ = {
			isa = PBXGroup;
			children = (
				CA8F59DD1CB9B17C005D3A75 /* NothingFoundCell.xib */,
				CA8F59DF1CB9B190005D3A75 /* StationTableViewCell.swift */,
			);
			name = Cells;
			sourceTree = "<group>";
		};
		CA8F59871CB9AE88005D3A75 /* Libraries */ = {
			isa = PBXGroup;
			children = (
				CA8F59F11CB9B446005D3A75 /* MediaPlayer.framework */,
			);
			name = Libraries;
			sourceTree = "<group>";
		};
		CA8F598A1CB9AEAA005D3A75 /* Spring */ = {
			isa = PBXGroup;
			children = (
				CA7F79DB1CB9C8AC0017AC0F /* AsyncButton.swift */,
				CA7F79DC1CB9C8AC0017AC0F /* AsyncImageView.swift */,
				CA7F79DD1CB9C8AC0017AC0F /* AutoTextView.swift */,
				CA7F79DE1CB9C8AC0017AC0F /* BlurView.swift */,
				CA7F79DF1CB9C8AC0017AC0F /* DesignableButton.swift */,
				CA7F79E01CB9C8AC0017AC0F /* DesignableImageView.swift */,
				CA7F79E11CB9C8AC0017AC0F /* DesignableLabel.swift */,
				CA7F79E21CB9C8AC0017AC0F /* DesignableTabBarController.swift */,
				CA7F79E31CB9C8AC0017AC0F /* DesignableTextField.swift */,
				CA7F79E41CB9C8AC0017AC0F /* DesignableTextView.swift */,
				CA7F79E51CB9C8AC0017AC0F /* DesignableView.swift */,
				CA7F79E61CB9C8AC0017AC0F /* ImageLoader.swift */,
				CA7F79E71CB9C8AC0017AC0F /* Info.plist */,
				CA7F79E81CB9C8AC0017AC0F /* KeyboardLayoutConstraint.swift */,
				CA7F79E91CB9C8AC0017AC0F /* LoadingView.swift */,
				CA7F79EA1CB9C8AC0017AC0F /* LoadingView.xib */,
				CA7F79EB1CB9C8AC0017AC0F /* Misc.swift */,
				CA7F79EC1CB9C8AC0017AC0F /* SoundPlayer.swift */,
				CA7F79ED1CB9C8AC0017AC0F /* Spring.h */,
				CA7F79EE1CB9C8AC0017AC0F /* Spring.swift */,
				CA7F79EF1CB9C8AC0017AC0F /* SpringAnimation.swift */,
				CA7F79F01CB9C8AC0017AC0F /* SpringButton.swift */,
				CA7F79F11CB9C8AC0017AC0F /* SpringImageView.swift */,
				CA7F79F21CB9C8AC0017AC0F /* SpringLabel.swift */,
				CA7F79F31CB9C8AC0017AC0F /* SpringTextField.swift */,
				CA7F79F41CB9C8AC0017AC0F /* SpringTextView.swift */,
				CA7F79F51CB9C8AC0017AC0F /* SpringView.swift */,
				CA7F79F61CB9C8AC0017AC0F /* TransitionManager.swift */,
				CA7F79F71CB9C8AC0017AC0F /* TransitionZoom.swift */,
				CA7F79F81CB9C8AC0017AC0F /* UnwindSegue.swift */,
			);
			name = Spring;
			path = ..;
			sourceTree = "<group>";
		};
		CA8F59C81CB9AED4005D3A75 /* Data */ = {
			isa = PBXGroup;
			children = (
				CA8F59D91CB9B0FD005D3A75 /* stations.json */,
			);
			name = Data;
			sourceTree = "<group>";
		};
/* End PBXGroup section */

/* Begin PBXNativeTarget section */
		CA8F59481CB9AC3B005D3A75 /* Disco Bathroom */ = {
			isa = PBXNativeTarget;
			buildConfigurationList = CA8F59711CB9AC3B005D3A75 /* Build configuration list for PBXNativeTarget "Disco Bathroom" */;
			buildPhases = (
				CA8F59451CB9AC3B005D3A75 /* Sources */,
				CA8F59461CB9AC3B005D3A75 /* Frameworks */,
				CA8F59471CB9AC3B005D3A75 /* Resources */,
			);
			buildRules = (
			);
			dependencies = (
			);
			name = "Disco Bathroom";
			productName = "Disco Bathroom";
			productReference = CA8F59491CB9AC3B005D3A75 /* Disco Bathroom.app */;
			productType = "com.apple.product-type.application";
		};
		CA8F595C1CB9AC3B005D3A75 /* Disco BathroomTests */ = {
			isa = PBXNativeTarget;
			buildConfigurationList = CA8F59741CB9AC3B005D3A75 /* Build configuration list for PBXNativeTarget "Disco BathroomTests" */;
			buildPhases = (
				CA8F59591CB9AC3B005D3A75 /* Sources */,
				CA8F595A1CB9AC3B005D3A75 /* Frameworks */,
				CA8F595B1CB9AC3B005D3A75 /* Resources */,
			);
			buildRules = (
			);
			dependencies = (
				CA8F595F1CB9AC3B005D3A75 /* PBXTargetDependency */,
			);
			name = "Disco BathroomTests";
			productName = "Disco BathroomTests";
			productReference = CA8F595D1CB9AC3B005D3A75 /* Disco BathroomTests.xctest */;
			productType = "com.apple.product-type.bundle.unit-test";
		};
		CA8F59671CB9AC3B005D3A75 /* Disco BathroomUITests */ = {
			isa = PBXNativeTarget;
			buildConfigurationList = CA8F59771CB9AC3B005D3A75 /* Build configuration list for PBXNativeTarget "Disco BathroomUITests" */;
			buildPhases = (
				CA8F59641CB9AC3B005D3A75 /* Sources */,
				CA8F59651CB9AC3B005D3A75 /* Frameworks */,
				CA8F59661CB9AC3B005D3A75 /* Resources */,
			);
			buildRules = (
			);
			dependencies = (
				CA8F596A1CB9AC3B005D3A75 /* PBXTargetDependency */,
			);
			name = "Disco BathroomUITests";
			productName = "Disco BathroomUITests";
			productReference = CA8F59681CB9AC3B005D3A75 /* Disco BathroomUITests.xctest */;
			productType = "com.apple.product-type.bundle.ui-testing";
		};
/* End PBXNativeTarget section */

/* Begin PBXProject section */
		CA8F59411CB9AC3B005D3A75 /* Project object */ = {
			isa = PBXProject;
			attributes = {
				LastSwiftUpdateCheck = 0730;
				LastUpgradeCheck = 0730;
				ORGANIZATIONNAME = "Kenneth Gabbara";
				TargetAttributes = {
					CA8F59481CB9AC3B005D3A75 = {
						CreatedOnToolsVersion = 7.3;
						DevelopmentTeam = RVN4U8KWBE;
						SystemCapabilities = {
							com.apple.BackgroundModes = {
								enabled = 1;
							};
						};
					};
					CA8F595C1CB9AC3B005D3A75 = {
						CreatedOnToolsVersion = 7.3;
						TestTargetID = CA8F59481CB9AC3B005D3A75;
					};
					CA8F59671CB9AC3B005D3A75 = {
						CreatedOnToolsVersion = 7.3;
						TestTargetID = CA8F59481CB9AC3B005D3A75;
					};
				};
			};
			buildConfigurationList = CA8F59441CB9AC3B005D3A75 /* Build configuration list for PBXProject "Disco Bathroom" */;
			compatibilityVersion = "Xcode 3.2";
			developmentRegion = English;
			hasScannedForEncodings = 0;
			knownRegions = (
				en,
				Base,
			);
			mainGroup = CA8F59401CB9AC3B005D3A75;
			productRefGroup = CA8F594A1CB9AC3B005D3A75 /* Products */;
			projectDirPath = "";
			projectRoot = "";
			targets = (
				CA8F59481CB9AC3B005D3A75 /* Disco Bathroom */,
				CA8F595C1CB9AC3B005D3A75 /* Disco BathroomTests */,
				CA8F59671CB9AC3B005D3A75 /* Disco BathroomUITests */,
			);
		};
/* End PBXProject section */

/* Begin PBXResourcesBuildPhase section */
		CA8F59471CB9AC3B005D3A75 /* Resources */ = {
			isa = PBXResourcesBuildPhase;
			buildActionMask = 2147483647;
			files = (
				CA8F59571CB9AC3B005D3A75 /* LaunchScreen.storyboard in Resources */,
				CA8F59DE1CB9B17C005D3A75 /* NothingFoundCell.xib in Resources */,
				CA7F7A051CB9C8AC0017AC0F /* Info.plist in Resources */,
				CA8F59D01CB9AF98005D3A75 /* Main.storyboard in Resources */,
				CA7F7A081CB9C8AC0017AC0F /* LoadingView.xib in Resources */,
				CA8F59DA1CB9B0FD005D3A75 /* stations.json in Resources */,
				CA8F59541CB9AC3B005D3A75 /* Assets.xcassets in Resources */,
			);
			runOnlyForDeploymentPostprocessing = 0;
		};
		CA8F595B1CB9AC3B005D3A75 /* Resources */ = {
			isa = PBXResourcesBuildPhase;
			buildActionMask = 2147483647;
			files = (
			);
			runOnlyForDeploymentPostprocessing = 0;
		};
		CA8F59661CB9AC3B005D3A75 /* Resources */ = {
			isa = PBXResourcesBuildPhase;
			buildActionMask = 2147483647;
			files = (
			);
			runOnlyForDeploymentPostprocessing = 0;
		};
/* End PBXResourcesBuildPhase section */

/* Begin PBXSourcesBuildPhase section */
		CA8F59451CB9AC3B005D3A75 /* Sources */ = {
			isa = PBXSourcesBuildPhase;
			buildActionMask = 2147483647;
			files = (
				CA7F79FE1CB9C8AC0017AC0F /* DesignableImageView.swift in Sources */,
				CA8F59EC1CB9B1C2005D3A75 /* NowPlayingViewController+Flash.swift in Sources */,
				CA7F7A111CB9C8AC0017AC0F /* SpringTextView.swift in Sources */,
				CA7F7A061CB9C8AC0017AC0F /* KeyboardLayoutConstraint.swift in Sources */,
				CA8F59F01CB9B1C2005D3A75 /* StationsViewController.swift in Sources */,
				CA8F59ED1CB9B1C2005D3A75 /* OptionsViewController.swift in Sources */,
				CA7F7A131CB9C8AC0017AC0F /* TransitionManager.swift in Sources */,
				CA7F79DA1CB9C8870017AC0F /* SwiftyJSON.swift in Sources */,
				CA7F7A101CB9C8AC0017AC0F /* SpringTextField.swift in Sources */,
				CA8F59CE1CB9AF0E005D3A75 /* UIImage+DropShadow.swift in Sources */,
				CA7F7A041CB9C8AC0017AC0F /* ImageLoader.swift in Sources */,
				CA7F7A001CB9C8AC0017AC0F /* DesignableTabBarController.swift in Sources */,
				CA7F7A031CB9C8AC0017AC0F /* DesignableView.swift in Sources */,
				CA7F79FA1CB9C8AC0017AC0F /* AsyncImageView.swift in Sources */,
				CA7F7A0D1CB9C8AC0017AC0F /* SpringButton.swift in Sources */,
				CA7F7A011CB9C8AC0017AC0F /* DesignableTextField.swift in Sources */,
				CA8F59E01CB9B190005D3A75 /* StationTableViewCell.swift in Sources */,
				CA8F59EA1CB9B1C2005D3A75 /* InfoDetailViewController.swift in Sources */,
				CA7F7A121CB9C8AC0017AC0F /* SpringView.swift in Sources */,
				CA7F7A151CB9C8AC0017AC0F /* UnwindSegue.swift in Sources */,
				CA7F7A141CB9C8AC0017AC0F /* TransitionZoom.swift in Sources */,
				CA8F594D1CB9AC3B005D3A75 /* AppDelegate.swift in Sources */,
				CA7F79F91CB9C8AC0017AC0F /* AsyncButton.swift in Sources */,
				CA7F7A0E1CB9C8AC0017AC0F /* SpringImageView.swift in Sources */,
				CA8F59EB1CB9B1C2005D3A75 /* NowPlayingViewController.swift in Sources */,
				CA7F7A0C1CB9C8AC0017AC0F /* SpringAnimation.swift in Sources */,
				CA7F7A0F1CB9C8AC0017AC0F /* SpringLabel.swift in Sources */,
				CA8F59D41CB9AFF5005D3A75 /* RadioStation.swift in Sources */,
				CA7F7A091CB9C8AC0017AC0F /* Misc.swift in Sources */,
				CA8F59861CB9AE2E005D3A75 /* DiscoBathroom-Settings.swift in Sources */,
				CA7F79FD1CB9C8AC0017AC0F /* DesignableButton.swift in Sources */,
				CA8F59D61CB9B086005D3A75 /* Player.swift in Sources */,
				CA7F7A0A1CB9C8AC0017AC0F /* SoundPlayer.swift in Sources */,
				CA7F7A071CB9C8AC0017AC0F /* LoadingView.swift in Sources */,
				CA7F79FB1CB9C8AC0017AC0F /* AutoTextView.swift in Sources */,
				CA8F59CC1CB9AF0E005D3A75 /* AnimationFrames.swift in Sources */,
				CA8F59DC1CB9B124005D3A75 /* Data Manager.swift in Sources */,
				CA7F79FC1CB9C8AC0017AC0F /* BlurView.swift in Sources */,
				CA8F59D81CB9B0BA005D3A75 /* Track.swift in Sources */,
				CA8F59CD1CB9AF0E005D3A75 /* UIImageView+Download.swift in Sources */,
				CA8F59EE1CB9B1C2005D3A75 /* LightsViewController.swift in Sources */,
				CA8F59EF1CB9B1C2005D3A75 /* PopUpMenuViewController.swift in Sources */,
				CA8F59D21CB9AFD4005D3A75 /* CancelableTimer.swift in Sources */,
				CA7F7A0B1CB9C8AC0017AC0F /* Spring.swift in Sources */,
				CA7F7A021CB9C8AC0017AC0F /* DesignableTextView.swift in Sources */,
				CA7F79FF1CB9C8AC0017AC0F /* DesignableLabel.swift in Sources */,
				CA8F59E91CB9B1C2005D3A75 /* AboutViewController.swift in Sources */,
			);
			runOnlyForDeploymentPostprocessing = 0;
		};
		CA8F59591CB9AC3B005D3A75 /* Sources */ = {
			isa = PBXSourcesBuildPhase;
			buildActionMask = 2147483647;
			files = (
				CA8F59621CB9AC3B005D3A75 /* Disco_BathroomTests.swift in Sources */,
			);
			runOnlyForDeploymentPostprocessing = 0;
		};
		CA8F59641CB9AC3B005D3A75 /* Sources */ = {
			isa = PBXSourcesBuildPhase;
			buildActionMask = 2147483647;
			files = (
				CA8F596D1CB9AC3B005D3A75 /* Disco_BathroomUITests.swift in Sources */,
			);
			runOnlyForDeploymentPostprocessing = 0;
		};
/* End PBXSourcesBuildPhase section */

/* Begin PBXTargetDependency section */
		CA8F595F1CB9AC3B005D3A75 /* PBXTargetDependency */ = {
			isa = PBXTargetDependency;
			target = CA8F59481CB9AC3B005D3A75 /* Disco Bathroom */;
			targetProxy = CA8F595E1CB9AC3B005D3A75 /* PBXContainerItemProxy */;
		};
		CA8F596A1CB9AC3B005D3A75 /* PBXTargetDependency */ = {
			isa = PBXTargetDependency;
			target = CA8F59481CB9AC3B005D3A75 /* Disco Bathroom */;
			targetProxy = CA8F59691CB9AC3B005D3A75 /* PBXContainerItemProxy */;
		};
/* End PBXTargetDependency section */

/* Begin PBXVariantGroup section */
		CA8F59551CB9AC3B005D3A75 /* LaunchScreen.storyboard */ = {
			isa = PBXVariantGroup;
			children = (
				CA8F59561CB9AC3B005D3A75 /* Base */,
			);
			name = LaunchScreen.storyboard;
			sourceTree = "<group>";
		};
/* End PBXVariantGroup section */

/* Begin XCBuildConfiguration section */
		CA8F596F1CB9AC3B005D3A75 /* Debug */ = {
			isa = XCBuildConfiguration;
			buildSettings = {
				ALWAYS_SEARCH_USER_PATHS = NO;
				CLANG_ANALYZER_NONNULL = YES;
				CLANG_CXX_LANGUAGE_STANDARD = "gnu++0x";
				CLANG_CXX_LIBRARY = "libc++";
				CLANG_ENABLE_MODULES = YES;
				CLANG_ENABLE_OBJC_ARC = YES;
				CLANG_WARN_BOOL_CONVERSION = YES;
				CLANG_WARN_CONSTANT_CONVERSION = YES;
				CLANG_WARN_DIRECT_OBJC_ISA_USAGE = YES_ERROR;
				CLANG_WARN_EMPTY_BODY = YES;
				CLANG_WARN_ENUM_CONVERSION = YES;
				CLANG_WARN_INT_CONVERSION = YES;
				CLANG_WARN_OBJC_ROOT_CLASS = YES_ERROR;
				CLANG_WARN_UNREACHABLE_CODE = YES;
				CLANG_WARN__DUPLICATE_METHOD_MATCH = YES;
				"CODE_SIGN_IDENTITY[sdk=iphoneos*]" = "iPhone Developer";
				COPY_PHASE_STRIP = NO;
				DEBUG_INFORMATION_FORMAT = dwarf;
				ENABLE_STRICT_OBJC_MSGSEND = YES;
				ENABLE_TESTABILITY = YES;
				GCC_C_LANGUAGE_STANDARD = gnu99;
				GCC_DYNAMIC_NO_PIC = NO;
				GCC_NO_COMMON_BLOCKS = YES;
				GCC_OPTIMIZATION_LEVEL = 0;
				GCC_PREPROCESSOR_DEFINITIONS = (
					"DEBUG=1",
					"$(inherited)",
				);
				GCC_WARN_64_TO_32_BIT_CONVERSION = YES;
				GCC_WARN_ABOUT_RETURN_TYPE = YES_ERROR;
				GCC_WARN_UNDECLARED_SELECTOR = YES;
				GCC_WARN_UNINITIALIZED_AUTOS = YES_AGGRESSIVE;
				GCC_WARN_UNUSED_FUNCTION = YES;
				GCC_WARN_UNUSED_VARIABLE = YES;
				IPHONEOS_DEPLOYMENT_TARGET = 9.3;
				MTL_ENABLE_DEBUG_INFO = YES;
				ONLY_ACTIVE_ARCH = YES;
				SDKROOT = iphoneos;
				SWIFT_OPTIMIZATION_LEVEL = "-Onone";
				TARGETED_DEVICE_FAMILY = "1,2";
			};
			name = Debug;
		};
		CA8F59701CB9AC3B005D3A75 /* Release */ = {
			isa = XCBuildConfiguration;
			buildSettings = {
				ALWAYS_SEARCH_USER_PATHS = NO;
				CLANG_ANALYZER_NONNULL = YES;
				CLANG_CXX_LANGUAGE_STANDARD = "gnu++0x";
				CLANG_CXX_LIBRARY = "libc++";
				CLANG_ENABLE_MODULES = YES;
				CLANG_ENABLE_OBJC_ARC = YES;
				CLANG_WARN_BOOL_CONVERSION = YES;
				CLANG_WARN_CONSTANT_CONVERSION = YES;
				CLANG_WARN_DIRECT_OBJC_ISA_USAGE = YES_ERROR;
				CLANG_WARN_EMPTY_BODY = YES;
				CLANG_WARN_ENUM_CONVERSION = YES;
				CLANG_WARN_INT_CONVERSION = YES;
				CLANG_WARN_OBJC_ROOT_CLASS = YES_ERROR;
				CLANG_WARN_UNREACHABLE_CODE = YES;
				CLANG_WARN__DUPLICATE_METHOD_MATCH = YES;
				"CODE_SIGN_IDENTITY[sdk=iphoneos*]" = "iPhone Developer";
				COPY_PHASE_STRIP = NO;
				DEBUG_INFORMATION_FORMAT = "dwarf-with-dsym";
				ENABLE_NS_ASSERTIONS = NO;
				ENABLE_STRICT_OBJC_MSGSEND = YES;
				GCC_C_LANGUAGE_STANDARD = gnu99;
				GCC_NO_COMMON_BLOCKS = YES;
				GCC_WARN_64_TO_32_BIT_CONVERSION = YES;
				GCC_WARN_ABOUT_RETURN_TYPE = YES_ERROR;
				GCC_WARN_UNDECLARED_SELECTOR = YES;
				GCC_WARN_UNINITIALIZED_AUTOS = YES_AGGRESSIVE;
				GCC_WARN_UNUSED_FUNCTION = YES;
				GCC_WARN_UNUSED_VARIABLE = YES;
				IPHONEOS_DEPLOYMENT_TARGET = 9.3;
				MTL_ENABLE_DEBUG_INFO = NO;
				SDKROOT = iphoneos;
				TARGETED_DEVICE_FAMILY = "1,2";
				VALIDATE_PRODUCT = YES;
			};
			name = Release;
		};
		CA8F59721CB9AC3B005D3A75 /* Debug */ = {
			isa = XCBuildConfiguration;
			buildSettings = {
				ASSETCATALOG_COMPILER_APPICON_NAME = AppIcon;
				CODE_SIGN_IDENTITY = "iPhone Developer";
				FRAMEWORK_SEARCH_PATHS = (
					"$(inherited)",
					"$(PROJECT_DIR)",
				);
				INFOPLIST_FILE = "Disco Bathroom/Info.plist";
				IPHONEOS_DEPLOYMENT_TARGET = 8.0;
				LD_RUNPATH_SEARCH_PATHS = "$(inherited) @executable_path/Frameworks";
				PRODUCT_BUNDLE_IDENTIFIER = "com.KennethGabbara.Disco-Bathroom";
				PRODUCT_NAME = "$(TARGET_NAME)";
			};
			name = Debug;
		};
		CA8F59731CB9AC3B005D3A75 /* Release */ = {
			isa = XCBuildConfiguration;
			buildSettings = {
				ASSETCATALOG_COMPILER_APPICON_NAME = AppIcon;
				CODE_SIGN_IDENTITY = "iPhone Developer";
				FRAMEWORK_SEARCH_PATHS = (
					"$(inherited)",
					"$(PROJECT_DIR)",
				);
				INFOPLIST_FILE = "Disco Bathroom/Info.plist";
				IPHONEOS_DEPLOYMENT_TARGET = 8.0;
				LD_RUNPATH_SEARCH_PATHS = "$(inherited) @executable_path/Frameworks";
				PRODUCT_BUNDLE_IDENTIFIER = "com.KennethGabbara.Disco-Bathroom";
				PRODUCT_NAME = "$(TARGET_NAME)";
			};
			name = Release;
		};
		CA8F59751CB9AC3B005D3A75 /* Debug */ = {
			isa = XCBuildConfiguration;
			buildSettings = {
				BUNDLE_LOADER = "$(TEST_HOST)";
				INFOPLIST_FILE = "Disco BathroomTests/Info.plist";
				LD_RUNPATH_SEARCH_PATHS = "$(inherited) @executable_path/Frameworks @loader_path/Frameworks";
				PRODUCT_BUNDLE_IDENTIFIER = "com.KennethGabbara.Disco-BathroomTests";
				PRODUCT_NAME = "$(TARGET_NAME)";
				TEST_HOST = "$(BUILT_PRODUCTS_DIR)/Disco Bathroom.app/Disco Bathroom";
			};
			name = Debug;
		};
		CA8F59761CB9AC3B005D3A75 /* Release */ = {
			isa = XCBuildConfiguration;
			buildSettings = {
				BUNDLE_LOADER = "$(TEST_HOST)";
				INFOPLIST_FILE = "Disco BathroomTests/Info.plist";
				LD_RUNPATH_SEARCH_PATHS = "$(inherited) @executable_path/Frameworks @loader_path/Frameworks";
				PRODUCT_BUNDLE_IDENTIFIER = "com.KennethGabbara.Disco-BathroomTests";
				PRODUCT_NAME = "$(TARGET_NAME)";
				TEST_HOST = "$(BUILT_PRODUCTS_DIR)/Disco Bathroom.app/Disco Bathroom";
			};
			name = Release;
		};
		CA8F59781CB9AC3B005D3A75 /* Debug */ = {
			isa = XCBuildConfiguration;
			buildSettings = {
				INFOPLIST_FILE = "Disco BathroomUITests/Info.plist";
				LD_RUNPATH_SEARCH_PATHS = "$(inherited) @executable_path/Frameworks @loader_path/Frameworks";
				PRODUCT_BUNDLE_IDENTIFIER = "com.KennethGabbara.Disco-BathroomUITests";
				PRODUCT_NAME = "$(TARGET_NAME)";
				TEST_TARGET_NAME = "Disco Bathroom";
			};
			name = Debug;
		};
		CA8F59791CB9AC3B005D3A75 /* Release */ = {
			isa = XCBuildConfiguration;
			buildSettings = {
				INFOPLIST_FILE = "Disco BathroomUITests/Info.plist";
				LD_RUNPATH_SEARCH_PATHS = "$(inherited) @executable_path/Frameworks @loader_path/Frameworks";
				PRODUCT_BUNDLE_IDENTIFIER = "com.KennethGabbara.Disco-BathroomUITests";
				PRODUCT_NAME = "$(TARGET_NAME)";
				TEST_TARGET_NAME = "Disco Bathroom";
			};
			name = Release;
		};
/* End XCBuildConfiguration section */

/* Begin XCConfigurationList section */
		CA8F59441CB9AC3B005D3A75 /* Build configuration list for PBXProject "Disco Bathroom" */ = {
			isa = XCConfigurationList;
			buildConfigurations = (
				CA8F596F1CB9AC3B005D3A75 /* Debug */,
				CA8F59701CB9AC3B005D3A75 /* Release */,
			);
			defaultConfigurationIsVisible = 0;
			defaultConfigurationName = Release;
		};
		CA8F59711CB9AC3B005D3A75 /* Build configuration list for PBXNativeTarget "Disco Bathroom" */ = {
			isa = XCConfigurationList;
			buildConfigurations = (
				CA8F59721CB9AC3B005D3A75 /* Debug */,
				CA8F59731CB9AC3B005D3A75 /* Release */,
			);
			defaultConfigurationIsVisible = 0;
			defaultConfigurationName = Release;
		};
		CA8F59741CB9AC3B005D3A75 /* Build configuration list for PBXNativeTarget "Disco BathroomTests" */ = {
			isa = XCConfigurationList;
			buildConfigurations = (
				CA8F59751CB9AC3B005D3A75 /* Debug */,
				CA8F59761CB9AC3B005D3A75 /* Release */,
			);
			defaultConfigurationIsVisible = 0;
			defaultConfigurationName = Release;
		};
		CA8F59771CB9AC3B005D3A75 /* Build configuration list for PBXNativeTarget "Disco BathroomUITests" */ = {
			isa = XCConfigurationList;
			buildConfigurations = (
				CA8F59781CB9AC3B005D3A75 /* Debug */,
				CA8F59791CB9AC3B005D3A75 /* Release */,
			);
			defaultConfigurationIsVisible = 0;
			defaultConfigurationName = Release;
		};
/* End XCConfigurationList section */
	};
	rootObject = CA8F59411CB9AC3B005D3A75 /* Project object */;
}
